{
  "name": "@llamaventures/cli",
  "version": "1.0.0",
  "lockfileVersion": 3,
  "requires": true,
  "packages": {
    "": {
      "name": "@llamaventures/cli",
      "version": "1.0.0",
      "license": "MIT",
      "bin": {
        "llama": "bin/llama.mjs"
      },
      "engines": {
        "node": ">=18"
      }
    }
  }
}
